// !$*UTF8*$!
{
	archiveVersion = 1;
	classes = {
	};
	objectVersion = 56;
	objects = {

/* Begin PBXBuildFile section */
		3F0BA1FB2C1AB0C000E471C7 /* CardDetailView.swift in Sources */ = {isa = PBXBuildFile; fileRef = 3F0BA1FA2C1AB0C000E471C7 /* CardDetailView.swift */; };
		3F0FD8522C1949B2004929AB /* CSVConfirmationView.swift in Sources */ = {isa = PBXBuildFile; fileRef = 3F0FD8512C1949B2004929AB /* CSVConfirmationView.swift */; };
		3F1F88BE2C188A54004203A3 /* EditCardView.swift in Sources */ = {isa = PBXBuildFile; fileRef = 3F1F88BD2C188A54004203A3 /* EditCardView.swift */; };
		3F1F88C02C189077004203A3 /* AddCardView.swift in Sources */ = {isa = PBXBuildFile; fileRef = 3F1F88BF2C189077004203A3 /* AddCardView.swift */; };
		3F1F88C22C1890AA004203A3 /* AddFolderView.swift in Sources */ = {isa = PBXBuildFile; fileRef = 3F1F88C12C1890AA004203A3 /* AddFolderView.swift */; };
		3F1F88C42C1890FB004203A3 /* SidebarFolderView.swift in Sources */ = {isa = PBXBuildFile; fileRef = 3F1F88C32C1890FB004203A3 /* SidebarFolderView.swift */; };
		3F2BAF212C172AB8002EFA85 /* myankiApp.swift in Sources */ = {isa = PBXBuildFile; fileRef = 3F2BAF202C172AB8002EFA85 /* myankiApp.swift */; };
		3F2BAF232C172AB8002EFA85 /* ContentView.swift in Sources */ = {isa = PBXBuildFile; fileRef = 3F2BAF222C172AB8002EFA85 /* ContentView.swift */; };
		3F2BAF252C172AB9002EFA85 /* Assets.xcassets in Resources */ = {isa = PBXBuildFile; fileRef = 3F2BAF242C172AB9002EFA85 /* Assets.xcassets */; };
		3F2BAF292C172AB9002EFA85 /* Preview Assets.xcassets in Resources */ = {isa = PBXBuildFile; fileRef = 3F2BAF282C172AB9002EFA85 /* Preview Assets.xcassets */; };
		3F2BAF302C172BFA002EFA85 /* CardAndFolder.swift in Sources */ = {isa = PBXBuildFile; fileRef = 3F2BAF2F2C172BF9002EFA85 /* CardAndFolder.swift */; };
		3F2BAF322C172C35002EFA85 /* FolderViewModel.swift in Sources */ = {isa = PBXBuildFile; fileRef = 3F2BAF312C172C35002EFA85 /* FolderViewModel.swift */; };
		3F68B3B62C197A3A00CDC06F /* convertEscapedString.swift in Sources */ = {isa = PBXBuildFile; fileRef = 3F68B3B52C197A3A00CDC06F /* convertEscapedString.swift */; };
		3F68B3B82C19935D00CDC06F /* PenKitView.swift in Sources */ = {isa = PBXBuildFile; fileRef = 3F68B3B72C19935D00CDC06F /* PenKitView.swift */; };
		3F806E3F2C17FD7500B14269 /* ReviewView.swift in Sources */ = {isa = PBXBuildFile; fileRef = 3F806E3E2C17FD7500B14269 /* ReviewView.swift */; };
		3F806E412C17FDD300B14269 /* FolderDetailView.swift in Sources */ = {isa = PBXBuildFile; fileRef = 3F806E402C17FDD300B14269 /* FolderDetailView.swift */; };
		3F806E432C18020B00B14269 /* EditFolderNameView.swift in Sources */ = {isa = PBXBuildFile; fileRef = 3F806E422C18020B00B14269 /* EditFolderNameView.swift */; };
		3FB4328D2C19DA2100714031 /* FolderDetailContainerView.swift in Sources */ = {isa = PBXBuildFile; fileRef = 3FB4328C2C19DA2100714031 /* FolderDetailContainerView.swift */; };
		3FD938232CC7ABCF007A6D5C /* STKaiti.ttf in Resources */ = {isa = PBXBuildFile; fileRef = 3FD938222CC7ABCF007A6D5C /* STKaiti.ttf */; };
/* End PBXBuildFile section */

/* Begin PBXFileReference section */
		3F0BA1FA2C1AB0C000E471C7 /* CardDetailView.swift */ = {isa = PBXFileReference; lastKnownFileType = sourcecode.swift; path = CardDetailView.swift; sourceTree = "<group>"; };
		3F0FD8512C1949B2004929AB /* CSVConfirmationView.swift */ = {isa = PBXFileReference; lastKnownFileType = sourcecode.swift; path = CSVConfirmationView.swift; sourceTree = "<group>"; };
		3F1F88BD2C188A54004203A3 /* EditCardView.swift */ = {isa = PBXFileReference; lastKnownFileType = sourcecode.swift; path = EditCardView.swift; sourceTree = "<group>"; };
		3F1F88BF2C189077004203A3 /* AddCardView.swift */ = {isa = PBXFileReference; lastKnownFileType = sourcecode.swift; path = AddCardView.swift; sourceTree = "<group>"; };
		3F1F88C12C1890AA004203A3 /* AddFolderView.swift */ = {isa = PBXFileReference; lastKnownFileType = sourcecode.swift; path = AddFolderView.swift; sourceTree = "<group>"; };
		3F1F88C32C1890FB004203A3 /* SidebarFolderView.swift */ = {isa = PBXFileReference; lastKnownFileType = sourcecode.swift; path = SidebarFolderView.swift; sourceTree = "<group>"; };
		3F2BAF1D2C172AB8002EFA85 /* myanki.app */ = {isa = PBXFileReference; explicitFileType = wrapper.application; includeInIndex = 0; path = myanki.app; sourceTree = BUILT_PRODUCTS_DIR; };
		3F2BAF202C172AB8002EFA85 /* myankiApp.swift */ = {isa = PBXFileReference; lastKnownFileType = sourcecode.swift; path = myankiApp.swift; sourceTree = "<group>"; };
		3F2BAF222C172AB8002EFA85 /* ContentView.swift */ = {isa = PBXFileReference; lastKnownFileType = sourcecode.swift; path = ContentView.swift; sourceTree = "<group>"; };
		3F2BAF242C172AB9002EFA85 /* Assets.xcassets */ = {isa = PBXFileReference; lastKnownFileType = folder.assetcatalog; path = Assets.xcassets; sourceTree = "<group>"; };
		3F2BAF262C172AB9002EFA85 /* myanki.entitlements */ = {isa = PBXFileReference; lastKnownFileType = text.plist.entitlements; path = myanki.entitlements; sourceTree = "<group>"; };
		3F2BAF282C172AB9002EFA85 /* Preview Assets.xcassets */ = {isa = PBXFileReference; lastKnownFileType = folder.assetcatalog; path = "Preview Assets.xcassets"; sourceTree = "<group>"; };
		3F2BAF2F2C172BF9002EFA85 /* CardAndFolder.swift */ = {isa = PBXFileReference; lastKnownFileType = sourcecode.swift; path = CardAndFolder.swift; sourceTree = "<group>"; };
		3F2BAF312C172C35002EFA85 /* FolderViewModel.swift */ = {isa = PBXFileReference; lastKnownFileType = sourcecode.swift; path = FolderViewModel.swift; sourceTree = "<group>"; };
		3F68B3B52C197A3A00CDC06F /* convertEscapedString.swift */ = {isa = PBXFileReference; lastKnownFileType = sourcecode.swift; path = convertEscapedString.swift; sourceTree = "<group>"; };
		3F68B3B72C19935D00CDC06F /* PenKitView.swift */ = {isa = PBXFileReference; lastKnownFileType = sourcecode.swift; path = PenKitView.swift; sourceTree = "<group>"; };
		3F806E3E2C17FD7500B14269 /* ReviewView.swift */ = {isa = PBXFileReference; lastKnownFileType = sourcecode.swift; path = ReviewView.swift; sourceTree = "<group>"; };
		3F806E402C17FDD300B14269 /* FolderDetailView.swift */ = {isa = PBXFileReference; lastKnownFileType = sourcecode.swift; path = FolderDetailView.swift; sourceTree = "<group>"; };
		3F806E422C18020B00B14269 /* EditFolderNameView.swift */ = {isa = PBXFileReference; lastKnownFileType = sourcecode.swift; path = EditFolderNameView.swift; sourceTree = "<group>"; };
		3FB4328C2C19DA2100714031 /* FolderDetailContainerView.swift */ = {isa = PBXFileReference; lastKnownFileType = sourcecode.swift; path = FolderDetailContainerView.swift; sourceTree = "<group>"; };
		3FD938222CC7ABCF007A6D5C /* STKaiti.ttf */ = {isa = PBXFileReference; lastKnownFileType = file; path = STKaiti.ttf; sourceTree = "<group>"; };
/* End PBXFileReference section */

/* Begin PBXFrameworksBuildPhase section */
		3F2BAF1A2C172AB8002EFA85 /* Frameworks */ = {
			isa = PBXFrameworksBuildPhase;
			buildActionMask = 2147483647;
			files = (
			);
			runOnlyForDeploymentPostprocessing = 0;
		};
/* End PBXFrameworksBuildPhase section */

/* Begin PBXGroup section */
		3F2BAF142C172AB8002EFA85 = {
			isa = PBXGroup;
			children = (
				3F2BAF1F2C172AB8002EFA85 /* myanki */,
				3F2BAF1E2C172AB8002EFA85 /* Products */,
			);
			sourceTree = "<group>";
		};
		3F2BAF1E2C172AB8002EFA85 /* Products */ = {
			isa = PBXGroup;
			children = (
				3F2BAF1D2C172AB8002EFA85 /* myanki.app */,
			);
			name = Products;
			sourceTree = "<group>";
		};
		3F2BAF1F2C172AB8002EFA85 /* myanki */ = {
			isa = PBXGroup;
			children = (
				3F1F88BF2C189077004203A3 /* AddCardView.swift */,
				3F0FD8512C1949B2004929AB /* CSVConfirmationView.swift */,
				3F68B3B52C197A3A00CDC06F /* convertEscapedString.swift */,
				3F1F88C12C1890AA004203A3 /* AddFolderView.swift */,
				3F806E422C18020B00B14269 /* EditFolderNameView.swift */,
				3F1F88BD2C188A54004203A3 /* EditCardView.swift */,
				3F806E3E2C17FD7500B14269 /* ReviewView.swift */,
				3F2BAF2F2C172BF9002EFA85 /* CardAndFolder.swift */,
				3F2BAF312C172C35002EFA85 /* FolderViewModel.swift */,
				3F0BA1FA2C1AB0C000E471C7 /* CardDetailView.swift */,
				3F806E402C17FDD300B14269 /* FolderDetailView.swift */,
				3FB4328C2C19DA2100714031 /* FolderDetailContainerView.swift */,
				3F68B3B72C19935D00CDC06F /* PenKitView.swift */,
				3F2BAF202C172AB8002EFA85 /* myankiApp.swift */,
				3F1F88C32C1890FB004203A3 /* SidebarFolderView.swift */,
				3F2BAF222C172AB8002EFA85 /* ContentView.swift */,
				3F2BAF242C172AB9002EFA85 /* Assets.xcassets */,
				3FD938222CC7ABCF007A6D5C /* STKaiti.ttf */,
				3F2BAF262C172AB9002EFA85 /* myanki.entitlements */,
				3F2BAF272C172AB9002EFA85 /* Preview Content */,
			);
			path = myanki;
			sourceTree = "<group>";
		};
		3F2BAF272C172AB9002EFA85 /* Preview Content */ = {
			isa = PBXGroup;
			children = (
				3F2BAF282C172AB9002EFA85 /* Preview Assets.xcassets */,
			);
			path = "Preview Content";
			sourceTree = "<group>";
		};
/* End PBXGroup section */

/* Begin PBXNativeTarget section */
		3F2BAF1C2C172AB8002EFA85 /* myanki */ = {
			isa = PBXNativeTarget;
			buildConfigurationList = 3F2BAF2C2C172AB9002EFA85 /* Build configuration list for PBXNativeTarget "myanki" */;
			buildPhases = (
				3F2BAF192C172AB8002EFA85 /* Sources */,
				3F2BAF1A2C172AB8002EFA85 /* Frameworks */,
				3F2BAF1B2C172AB8002EFA85 /* Resources */,
			);
			buildRules = (
			);
			dependencies = (
			);
			name = myanki;
			productName = myanki;
			productReference = 3F2BAF1D2C172AB8002EFA85 /* myanki.app */;
			productType = "com.apple.product-type.application";
		};
/* End PBXNativeTarget section */

/* Begin PBXProject section */
		3F2BAF152C172AB8002EFA85 /* Project object */ = {
			isa = PBXProject;
			attributes = {
				BuildIndependentTargetsInParallel = 1;
				LastSwiftUpdateCheck = 1540;
				LastUpgradeCheck = 1600;
				TargetAttributes = {
					3F2BAF1C2C172AB8002EFA85 = {
						CreatedOnToolsVersion = 15.4;
					};
				};
			};
			buildConfigurationList = 3F2BAF182C172AB8002EFA85 /* Build configuration list for PBXProject "myanki" */;
			compatibilityVersion = "Xcode 14.0";
			developmentRegion = en;
			hasScannedForEncodings = 0;
			knownRegions = (
				en,
				Base,
			);
			mainGroup = 3F2BAF142C172AB8002EFA85;
			productRefGroup = 3F2BAF1E2C172AB8002EFA85 /* Products */;
			projectDirPath = "";
			projectRoot = "";
			targets = (
				3F2BAF1C2C172AB8002EFA85 /* myanki */,
			);
		};
/* End PBXProject section */

/* Begin PBXResourcesBuildPhase section */
		3F2BAF1B2C172AB8002EFA85 /* Resources */ = {
			isa = PBXResourcesBuildPhase;
			buildActionMask = 2147483647;
			files = (
				3F2BAF292C172AB9002EFA85 /* Preview Assets.xcassets in Resources */,
				3F2BAF252C172AB9002EFA85 /* Assets.xcassets in Resources */,
				3FD938232CC7ABCF007A6D5C /* STKaiti.ttf in Resources */,
			);
			runOnlyForDeploymentPostprocessing = 0;
		};
/* End PBXResourcesBuildPhase section */

/* Begin PBXSourcesBuildPhase section */
		3F2BAF192C172AB8002EFA85 /* Sources */ = {
			isa = PBXSourcesBuildPhase;
			buildActionMask = 2147483647;
			files = (
				3F1F88C22C1890AA004203A3 /* AddFolderView.swift in Sources */,
				3F1F88BE2C188A54004203A3 /* EditCardView.swift in Sources */,
				3F806E3F2C17FD7500B14269 /* ReviewView.swift in Sources */,
				3F806E412C17FDD300B14269 /* FolderDetailView.swift in Sources */,
				3FB4328D2C19DA2100714031 /* FolderDetailContainerView.swift in Sources */,
				3F2BAF302C172BFA002EFA85 /* CardAndFolder.swift in Sources */,
				3F2BAF232C172AB8002EFA85 /* ContentView.swift in Sources */,
				3F0BA1FB2C1AB0C000E471C7 /* CardDetailView.swift in Sources */,
				3F68B3B62C197A3A00CDC06F /* convertEscapedString.swift in Sources */,
				3F68B3B82C19935D00CDC06F /* PenKitView.swift in Sources */,
				3F2BAF322C172C35002EFA85 /* FolderViewModel.swift in Sources */,
				3F2BAF212C172AB8002EFA85 /* myankiApp.swift in Sources */,
				3F0FD8522C1949B2004929AB /* CSVConfirmationView.swift in Sources */,
				3F1F88C42C1890FB004203A3 /* SidebarFolderView.swift in Sources */,
				3F806E432C18020B00B14269 /* EditFolderNameView.swift in Sources */,
				3F1F88C02C189077004203A3 /* AddCardView.swift in Sources */,
			);
			runOnlyForDeploymentPostprocessing = 0;
		};
/* End PBXSourcesBuildPhase section */

/* Begin XCBuildConfiguration section */
		3F2BAF2A2C172AB9002EFA85 /* Debug */ = {
			isa = XCBuildConfiguration;
			buildSettings = {
				ALWAYS_SEARCH_USER_PATHS = NO;
				ASSETCATALOG_COMPILER_GENERATE_SWIFT_ASSET_SYMBOL_EXTENSIONS = YES;
				CLANG_ANALYZER_NONNULL = YES;
				CLANG_ANALYZER_NUMBER_OBJECT_CONVERSION = YES_AGGRESSIVE;
				CLANG_CXX_LANGUAGE_STANDARD = "gnu++20";
				CLANG_ENABLE_MODULES = YES;
				CLANG_ENABLE_OBJC_ARC = YES;
				CLANG_ENABLE_OBJC_WEAK = YES;
				CLANG_WARN_BLOCK_CAPTURE_AUTORELEASING = YES;
				CLANG_WARN_BOOL_CONVERSION = YES;
				CLANG_WARN_COMMA = YES;
				CLANG_WARN_CONSTANT_CONVERSION = YES;
				CLANG_WARN_DEPRECATED_OBJC_IMPLEMENTATIONS = YES;
				CLANG_WARN_DIRECT_OBJC_ISA_USAGE = YES_ERROR;
				CLANG_WARN_DOCUMENTATION_COMMENTS = YES;
				CLANG_WARN_EMPTY_BODY = YES;
				CLANG_WARN_ENUM_CONVERSION = YES;
				CLANG_WARN_INFINITE_RECURSION = YES;
				CLANG_WARN_INT_CONVERSION = YES;
				CLANG_WARN_NON_LITERAL_NULL_CONVERSION = YES;
				CLANG_WARN_OBJC_IMPLICIT_RETAIN_SELF = YES;
				CLANG_WARN_OBJC_LITERAL_CONVERSION = YES;
				CLANG_WARN_OBJC_ROOT_CLASS = YES_ERROR;
				CLANG_WARN_QUOTED_INCLUDE_IN_FRAMEWORK_HEADER = YES;
				CLANG_WARN_RANGE_LOOP_ANALYSIS = YES;
				CLANG_WARN_STRICT_PROTOTYPES = YES;
				CLANG_WARN_SUSPICIOUS_MOVE = YES;
				CLANG_WARN_UNGUARDED_AVAILABILITY = YES_AGGRESSIVE;
				CLANG_WARN_UNREACHABLE_CODE = YES;
				CLANG_WARN__DUPLICATE_METHOD_MATCH = YES;
				COPY_PHASE_STRIP = NO;
				DEAD_CODE_STRIPPING = YES;
				DEBUG_INFORMATION_FORMAT = dwarf;
				ENABLE_STRICT_OBJC_MSGSEND = YES;
				ENABLE_TESTABILITY = YES;
				ENABLE_USER_SCRIPT_SANDBOXING = YES;
				GCC_C_LANGUAGE_STANDARD = gnu17;
				GCC_DYNAMIC_NO_PIC = NO;
				GCC_NO_COMMON_BLOCKS = YES;
				GCC_OPTIMIZATION_LEVEL = 0;
				GCC_PREPROCESSOR_DEFINITIONS = (
					"DEBUG=1",
					"$(inherited)",
				);
				GCC_WARN_64_TO_32_BIT_CONVERSION = YES;
				GCC_WARN_ABOUT_RETURN_TYPE = YES_ERROR;
				GCC_WARN_UNDECLARED_SELECTOR = YES;
				GCC_WARN_UNINITIALIZED_AUTOS = YES_AGGRESSIVE;
				GCC_WARN_UNUSED_FUNCTION = YES;
				GCC_WARN_UNUSED_VARIABLE = YES;
				LOCALIZATION_PREFERS_STRING_CATALOGS = YES;
				MTL_ENABLE_DEBUG_INFO = INCLUDE_SOURCE;
				MTL_FAST_MATH = YES;
				ONLY_ACTIVE_ARCH = YES;
				SWIFT_ACTIVE_COMPILATION_CONDITIONS = "DEBUG $(inherited)";
				SWIFT_OPTIMIZATION_LEVEL = "-Onone";
			};
			name = Debug;
		};
		3F2BAF2B2C172AB9002EFA85 /* Release */ = {
			isa = XCBuildConfiguration;
			buildSettings = {
				ALWAYS_SEARCH_USER_PATHS = NO;
				ASSETCATALOG_COMPILER_GENERATE_SWIFT_ASSET_SYMBOL_EXTENSIONS = YES;
				CLANG_ANALYZER_NONNULL = YES;
				CLANG_ANALYZER_NUMBER_OBJECT_CONVERSION = YES_AGGRESSIVE;
				CLANG_CXX_LANGUAGE_STANDARD = "gnu++20";
				CLANG_ENABLE_MODULES = YES;
				CLANG_ENABLE_OBJC_ARC = YES;
				CLANG_ENABLE_OBJC_WEAK = YES;
				CLANG_WARN_BLOCK_CAPTURE_AUTORELEASING = YES;
				CLANG_WARN_BOOL_CONVERSION = YES;
				CLANG_WARN_COMMA = YES;
				CLANG_WARN_CONSTANT_CONVERSION = YES;
				CLANG_WARN_DEPRECATED_OBJC_IMPLEMENTATIONS = YES;
				CLANG_WARN_DIRECT_OBJC_ISA_USAGE = YES_ERROR;
				CLANG_WARN_DOCUMENTATION_COMMENTS = YES;
				CLANG_WARN_EMPTY_BODY = YES;
				CLANG_WARN_ENUM_CONVERSION = YES;
				CLANG_WARN_INFINITE_RECURSION = YES;
				CLANG_WARN_INT_CONVERSION = YES;
				CLANG_WARN_NON_LITERAL_NULL_CONVERSION = YES;
				CLANG_WARN_OBJC_IMPLICIT_RETAIN_SELF = YES;
				CLANG_WARN_OBJC_LITERAL_CONVERSION = YES;
				CLANG_WARN_OBJC_ROOT_CLASS = YES_ERROR;
				CLANG_WARN_QUOTED_INCLUDE_IN_FRAMEWORK_HEADER = YES;
				CLANG_WARN_RANGE_LOOP_ANALYSIS = YES;
				CLANG_WARN_STRICT_PROTOTYPES = YES;
				CLANG_WARN_SUSPICIOUS_MOVE = YES;
				CLANG_WARN_UNGUARDED_AVAILABILITY = YES_AGGRESSIVE;
				CLANG_WARN_UNREACHABLE_CODE = YES;
				CLANG_WARN__DUPLICATE_METHOD_MATCH = YES;
				COPY_PHASE_STRIP = NO;
				DEAD_CODE_STRIPPING = YES;
				DEBUG_INFORMATION_FORMAT = "dwarf-with-dsym";
				ENABLE_NS_ASSERTIONS = NO;
				ENABLE_STRICT_OBJC_MSGSEND = YES;
				ENABLE_USER_SCRIPT_SANDBOXING = YES;
				GCC_C_LANGUAGE_STANDARD = gnu17;
				GCC_NO_COMMON_BLOCKS = YES;
				GCC_WARN_64_TO_32_BIT_CONVERSION = YES;
				GCC_WARN_ABOUT_RETURN_TYPE = YES_ERROR;
				GCC_WARN_UNDECLARED_SELECTOR = YES;
				GCC_WARN_UNINITIALIZED_AUTOS = YES_AGGRESSIVE;
				GCC_WARN_UNUSED_FUNCTION = YES;
				GCC_WARN_UNUSED_VARIABLE = YES;
				LOCALIZATION_PREFERS_STRING_CATALOGS = YES;
				MTL_ENABLE_DEBUG_INFO = NO;
				MTL_FAST_MATH = YES;
				SWIFT_COMPILATION_MODE = wholemodule;
			};
			name = Release;
		};
		3F2BAF2D2C172AB9002EFA85 /* Debug */ = {
			isa = XCBuildConfiguration;
			buildSettings = {
				ASSETCATALOG_COMPILER_APPICON_NAME = AppIcon;
				ASSETCATALOG_COMPILER_GLOBAL_ACCENT_COLOR_NAME = AccentColor;
				CODE_SIGN_ENTITLEMENTS = myanki/myanki.entitlements;
				CODE_SIGN_STYLE = Automatic;
				CURRENT_PROJECT_VERSION = 1;
				DEAD_CODE_STRIPPING = YES;
				DEVELOPMENT_ASSET_PATHS = "\"myanki/Preview Content\"";
				DEVELOPMENT_TEAM = 33DN96GXH8;
				ENABLE_HARDENED_RUNTIME = YES;
				ENABLE_PREVIEWS = YES;
				GENERATE_INFOPLIST_FILE = YES;
				"INFOPLIST_KEY_UIApplicationSceneManifest_Generation[sdk=iphoneos*]" = YES;
				"INFOPLIST_KEY_UIApplicationSceneManifest_Generation[sdk=iphonesimulator*]" = YES;
				"INFOPLIST_KEY_UIApplicationSupportsIndirectInputEvents[sdk=iphoneos*]" = YES;
				"INFOPLIST_KEY_UIApplicationSupportsIndirectInputEvents[sdk=iphonesimulator*]" = YES;
				"INFOPLIST_KEY_UILaunchScreen_Generation[sdk=iphoneos*]" = YES;
				"INFOPLIST_KEY_UILaunchScreen_Generation[sdk=iphonesimulator*]" = YES;
				"INFOPLIST_KEY_UIStatusBarStyle[sdk=iphoneos*]" = UIStatusBarStyleDefault;
				"INFOPLIST_KEY_UIStatusBarStyle[sdk=iphonesimulator*]" = UIStatusBarStyleDefault;
				INFOPLIST_KEY_UISupportedInterfaceOrientations_iPad = "UIInterfaceOrientationPortrait UIInterfaceOrientationPortraitUpsideDown UIInterfaceOrientationLandscapeLeft UIInterfaceOrientationLandscapeRight";
				INFOPLIST_KEY_UISupportedInterfaceOrientations_iPhone = "UIInterfaceOrientationPortrait UIInterfaceOrientationLandscapeLeft UIInterfaceOrientationLandscapeRight";
				IPHONEOS_DEPLOYMENT_TARGET = 17.5;
				LD_RUNPATH_SEARCH_PATHS = "@executable_path/Frameworks";
				"LD_RUNPATH_SEARCH_PATHS[sdk=macosx*]" = "@executable_path/../Frameworks";
				MACOSX_DEPLOYMENT_TARGET = 14.5;
				MARKETING_VERSION = 1.0;
				PRODUCT_BUNDLE_IDENTIFIER = morokoshi.myanki;
				PRODUCT_NAME = "$(TARGET_NAME)";
				SDKROOT = auto;
				SUPPORTED_PLATFORMS = "iphoneos iphonesimulator macosx";
				SWIFT_EMIT_LOC_STRINGS = YES;
				SWIFT_VERSION = 5.0;
				TARGETED_DEVICE_FAMILY = "1,2";
			};
			name = Debug;
		};
		3F2BAF2E2C172AB9002EFA85 /* Release */ = {
			isa = XCBuildConfiguration;
			buildSettings = {
				ASSETCATALOG_COMPILER_APPICON_NAME = AppIcon;
				ASSETCATALOG_COMPILER_GLOBAL_ACCENT_COLOR_NAME = AccentColor;
				CODE_SIGN_ENTITLEMENTS = myanki/myanki.entitlements;
				CODE_SIGN_STYLE = Automatic;
				CURRENT_PROJECT_VERSION = 1;
				DEAD_CODE_STRIPPING = YES;
				DEVELOPMENT_ASSET_PATHS = "\"myanki/Preview Content\"";
				DEVELOPMENT_TEAM = 33DN96GXH8;
				ENABLE_HARDENED_RUNTIME = YES;
				ENABLE_PREVIEWS = YES;
				GENERATE_INFOPLIST_FILE = YES;
				"INFOPLIST_KEY_UIApplicationSceneManifest_Generation[sdk=iphoneos*]" = YES;
				"INFOPLIST_KEY_UIApplicationSceneManifest_Generation[sdk=iphonesimulator*]" = YES;
				"INFOPLIST_KEY_UIApplicationSupportsIndirectInputEvents[sdk=iphoneos*]" = YES;
				"INFOPLIST_KEY_UIApplicationSupportsIndirectInputEvents[sdk=iphonesimulator*]" = YES;
				"INFOPLIST_KEY_UILaunchScreen_Generation[sdk=iphoneos*]" = YES;
				"INFOPLIST_KEY_UILaunchScreen_Generation[sdk=iphonesimulator*]" = YES;
				"INFOPLIST_KEY_UIStatusBarStyle[sdk=iphoneos*]" = UIStatusBarStyleDefault;
				"INFOPLIST_KEY_UIStatusBarStyle[sdk=iphonesimulator*]" = UIStatusBarStyleDefault;
				INFOPLIST_KEY_UISupportedInterfaceOrientations_iPad = "UIInterfaceOrientationPortrait UIInterfaceOrientationPortraitUpsideDown UIInterfaceOrientationLandscapeLeft UIInterfaceOrientationLandscapeRight";
				INFOPLIST_KEY_UISupportedInterfaceOrientations_iPhone = "UIInterfaceOrientationPortrait UIInterfaceOrientationLandscapeLeft UIInterfaceOrientationLandscapeRight";
				IPHONEOS_DEPLOYMENT_TARGET = 17.5;
				LD_RUNPATH_SEARCH_PATHS = "@executable_path/Frameworks";
				"LD_RUNPATH_SEARCH_PATHS[sdk=macosx*]" = "@executable_path/../Frameworks";
				MACOSX_DEPLOYMENT_TARGET = 14.5;
				MARKETING_VERSION = 1.0;
				PRODUCT_BUNDLE_IDENTIFIER = morokoshi.myanki;
				PRODUCT_NAME = "$(TARGET_NAME)";
				SDKROOT = auto;
				SUPPORTED_PLATFORMS = "iphoneos iphonesimulator macosx";
				SWIFT_EMIT_LOC_STRINGS = YES;
				SWIFT_VERSION = 5.0;
				TARGETED_DEVICE_FAMILY = "1,2";
			};
			name = Release;
		};
/* End XCBuildConfiguration section */

/* Begin XCConfigurationList section */
		3F2BAF182C172AB8002EFA85 /* Build configuration list for PBXProject "myanki" */ = {
			isa = XCConfigurationList;
			buildConfigurations = (
				3F2BAF2A2C172AB9002EFA85 /* Debug */,
				3F2BAF2B2C172AB9002EFA85 /* Release */,
			);
			defaultConfigurationIsVisible = 0;
			defaultConfigurationName = Release;
		};
		3F2BAF2C2C172AB9002EFA85 /* Build configuration list for PBXNativeTarget "myanki" */ = {
			isa = XCConfigurationList;
			buildConfigurations = (
				3F2BAF2D2C172AB9002EFA85 /* Debug */,
				3F2BAF2E2C172AB9002EFA85 /* Release */,
			);
			defaultConfigurationIsVisible = 0;
			defaultConfigurationName = Release;
		};
/* End XCConfigurationList section */
	};
	rootObject = 3F2BAF152C172AB8002EFA85 /* Project object */;
}
